// !$*UTF8*$!
{
	archiveVersion = 1;
	classes = {
	};
	objectVersion = 50;
	objects = {

/* Begin PBXBuildFile section */
		A82059C82254809300DCAD14 /* StateMachine.framework in Frameworks */ = {isa = PBXBuildFile; fileRef = A82059BE2254809300DCAD14 /* StateMachine.framework */; };
		A82059CD2254809300DCAD14 /* StateMachineTests.swift in Sources */ = {isa = PBXBuildFile; fileRef = A82059CC2254809300DCAD14 /* StateMachineTests.swift */; };
		A82059CF2254809300DCAD14 /* StateMachine.h in Headers */ = {isa = PBXBuildFile; fileRef = A82059C12254809300DCAD14 /* StateMachine.h */; settings = {ATTRIBUTES = (Public, ); }; };
		A82059E6225480CF00DCAD14 /* StateMachine.swift in Sources */ = {isa = PBXBuildFile; fileRef = A82059E0225480CF00DCAD14 /* StateMachine.swift */; };
		A82059E7225480CF00DCAD14 /* State.swift in Sources */ = {isa = PBXBuildFile; fileRef = A82059E1225480CF00DCAD14 /* State.swift */; };
		A82059E8225480CF00DCAD14 /* FSMParserDelegate.swift in Sources */ = {isa = PBXBuildFile; fileRef = A82059E3225480CF00DCAD14 /* FSMParserDelegate.swift */; };
		A82059E9225480CF00DCAD14 /* FSMParser.swift in Sources */ = {isa = PBXBuildFile; fileRef = A82059E4225480CF00DCAD14 /* FSMParser.swift */; };
		A82059EA225480CF00DCAD14 /* FSMInjector.swift in Sources */ = {isa = PBXBuildFile; fileRef = A82059E5225480CF00DCAD14 /* FSMInjector.swift */; };
		A82059F6225480DA00DCAD14 /* StateMachineTest.swift in Sources */ = {isa = PBXBuildFile; fileRef = A82059F1225480DA00DCAD14 /* StateMachineTest.swift */; };
		A82059F7225480DA00DCAD14 /* StateTest.swift in Sources */ = {isa = PBXBuildFile; fileRef = A82059F2225480DA00DCAD14 /* StateTest.swift */; };
		A82059F8225480DA00DCAD14 /* FSMInjectorTest.swift in Sources */ = {isa = PBXBuildFile; fileRef = A82059F3225480DA00DCAD14 /* FSMInjectorTest.swift */; };
		A82059F9225480DA00DCAD14 /* FSMParserTest.swift in Sources */ = {isa = PBXBuildFile; fileRef = A82059F5225480DA00DCAD14 /* FSMParserTest.swift */; };
		A8205ACA225482B900DCAD14 /* PureMVC.framework in Frameworks */ = {isa = PBXBuildFile; fileRef = A8205AC9225482B900DCAD14 /* PureMVC.framework */; };
/* End PBXBuildFile section */

/* Begin PBXContainerItemProxy section */
		A82059C92254809300DCAD14 /* PBXContainerItemProxy */ = {
			isa = PBXContainerItemProxy;
			containerPortal = A82059B52254809300DCAD14 /* Project object */;
			proxyType = 1;
			remoteGlobalIDString = A82059BD2254809300DCAD14;
			remoteInfo = StateMachine;
		};
/* End PBXContainerItemProxy section */

/* Begin PBXFileReference section */
		A82059BE2254809300DCAD14 /* StateMachine.framework */ = {isa = PBXFileReference; explicitFileType = wrapper.framework; includeInIndex = 0; path = StateMachine.framework; sourceTree = BUILT_PRODUCTS_DIR; };
		A82059C12254809300DCAD14 /* StateMachine.h */ = {isa = PBXFileReference; lastKnownFileType = sourcecode.c.h; path = StateMachine.h; sourceTree = "<group>"; };
		A82059C22254809300DCAD14 /* Info.plist */ = {isa = PBXFileReference; lastKnownFileType = text.plist.xml; path = Info.plist; sourceTree = "<group>"; };
		A82059C72254809300DCAD14 /* StateMachineTests.xctest */ = {isa = PBXFileReference; explicitFileType = wrapper.cfbundle; includeInIndex = 0; path = StateMachineTests.xctest; sourceTree = BUILT_PRODUCTS_DIR; };
		A82059CC2254809300DCAD14 /* StateMachineTests.swift */ = {isa = PBXFileReference; lastKnownFileType = sourcecode.swift; path = StateMachineTests.swift; sourceTree = "<group>"; };
		A82059CE2254809300DCAD14 /* Info.plist */ = {isa = PBXFileReference; lastKnownFileType = text.plist.xml; path = Info.plist; sourceTree = "<group>"; };
		A82059E0225480CF00DCAD14 /* StateMachine.swift */ = {isa = PBXFileReference; fileEncoding = 4; lastKnownFileType = sourcecode.swift; path = StateMachine.swift; sourceTree = "<group>"; };
		A82059E1225480CF00DCAD14 /* State.swift */ = {isa = PBXFileReference; fileEncoding = 4; lastKnownFileType = sourcecode.swift; path = State.swift; sourceTree = "<group>"; };
		A82059E3225480CF00DCAD14 /* FSMParserDelegate.swift */ = {isa = PBXFileReference; fileEncoding = 4; lastKnownFileType = sourcecode.swift; path = FSMParserDelegate.swift; sourceTree = "<group>"; };
		A82059E4225480CF00DCAD14 /* FSMParser.swift */ = {isa = PBXFileReference; fileEncoding = 4; lastKnownFileType = sourcecode.swift; path = FSMParser.swift; sourceTree = "<group>"; };
		A82059E5225480CF00DCAD14 /* FSMInjector.swift */ = {isa = PBXFileReference; fileEncoding = 4; lastKnownFileType = sourcecode.swift; path = FSMInjector.swift; sourceTree = "<group>"; };
		A82059F1225480DA00DCAD14 /* StateMachineTest.swift */ = {isa = PBXFileReference; fileEncoding = 4; lastKnownFileType = sourcecode.swift; path = StateMachineTest.swift; sourceTree = "<group>"; };
		A82059F2225480DA00DCAD14 /* StateTest.swift */ = {isa = PBXFileReference; fileEncoding = 4; lastKnownFileType = sourcecode.swift; path = StateTest.swift; sourceTree = "<group>"; };
		A82059F3225480DA00DCAD14 /* FSMInjectorTest.swift */ = {isa = PBXFileReference; fileEncoding = 4; lastKnownFileType = sourcecode.swift; path = FSMInjectorTest.swift; sourceTree = "<group>"; };
		A82059F5225480DA00DCAD14 /* FSMParserTest.swift */ = {isa = PBXFileReference; fileEncoding = 4; lastKnownFileType = sourcecode.swift; path = FSMParserTest.swift; sourceTree = "<group>"; };
		A8205AC9225482B900DCAD14 /* PureMVC.framework */ = {isa = PBXFileReference; lastKnownFileType = wrapper.framework; path = PureMVC.framework; sourceTree = "<group>"; };
/* End PBXFileReference section */

/* Begin PBXFrameworksBuildPhase section */
		A82059BB2254809300DCAD14 /* Frameworks */ = {
			isa = PBXFrameworksBuildPhase;
			buildActionMask = 2147483647;
			files = (
				A8205ACA225482B900DCAD14 /* PureMVC.framework in Frameworks */,
			);
			runOnlyForDeploymentPostprocessing = 0;
		};
		A82059C42254809300DCAD14 /* Frameworks */ = {
			isa = PBXFrameworksBuildPhase;
			buildActionMask = 2147483647;
			files = (
				A82059C82254809300DCAD14 /* StateMachine.framework in Frameworks */,
			);
			runOnlyForDeploymentPostprocessing = 0;
		};
/* End PBXFrameworksBuildPhase section */

/* Begin PBXGroup section */
		A82059B42254809300DCAD14 = {
			isa = PBXGroup;
			children = (
				A82059C02254809300DCAD14 /* StateMachine */,
				A82059CB2254809300DCAD14 /* StateMachineTests */,
				A82059BF2254809300DCAD14 /* Products */,
				A8205AC8225482B900DCAD14 /* Frameworks */,
			);
			sourceTree = "<group>";
		};
		A82059BF2254809300DCAD14 /* Products */ = {
			isa = PBXGroup;
			children = (
				A82059BE2254809300DCAD14 /* StateMachine.framework */,
				A82059C72254809300DCAD14 /* StateMachineTests.xctest */,
			);
			name = Products;
			sourceTree = "<group>";
		};
		A82059C02254809300DCAD14 /* StateMachine */ = {
			isa = PBXGroup;
			children = (
				A82059DA225480CF00DCAD14 /* org */,
				A82059C12254809300DCAD14 /* StateMachine.h */,
				A82059C22254809300DCAD14 /* Info.plist */,
			);
			path = StateMachine;
			sourceTree = "<group>";
		};
		A82059CB2254809300DCAD14 /* StateMachineTests */ = {
			isa = PBXGroup;
			children = (
				A82059EB225480DA00DCAD14 /* org */,
				A82059CC2254809300DCAD14 /* StateMachineTests.swift */,
				A82059CE2254809300DCAD14 /* Info.plist */,
			);
			path = StateMachineTests;
			sourceTree = "<group>";
		};
		A82059DA225480CF00DCAD14 /* org */ = {
			isa = PBXGroup;
			children = (
				A82059DB225480CF00DCAD14 /* puremvc */,
			);
			path = org;
			sourceTree = "<group>";
		};
		A82059DB225480CF00DCAD14 /* puremvc */ = {
			isa = PBXGroup;
			children = (
				A82059DC225480CF00DCAD14 /* swift */,
			);
			path = puremvc;
			sourceTree = "<group>";
		};
		A82059DC225480CF00DCAD14 /* swift */ = {
			isa = PBXGroup;
			children = (
				A82059DD225480CF00DCAD14 /* multicore */,
			);
			path = swift;
			sourceTree = "<group>";
		};
		A82059DD225480CF00DCAD14 /* multicore */ = {
			isa = PBXGroup;
			children = (
				A82059DE225480CF00DCAD14 /* utilities */,
			);
			path = multicore;
			sourceTree = "<group>";
		};
		A82059DE225480CF00DCAD14 /* utilities */ = {
			isa = PBXGroup;
			children = (
				A82059DF225480CF00DCAD14 /* statemachine */,
			);
			path = utilities;
			sourceTree = "<group>";
		};
		A82059DF225480CF00DCAD14 /* statemachine */ = {
			isa = PBXGroup;
			children = (
				A82059E0225480CF00DCAD14 /* StateMachine.swift */,
				A82059E1225480CF00DCAD14 /* State.swift */,
				A82059E2225480CF00DCAD14 /* FSMParser */,
				A82059E5225480CF00DCAD14 /* FSMInjector.swift */,
			);
			path = statemachine;
			sourceTree = "<group>";
		};
		A82059E2225480CF00DCAD14 /* FSMParser */ = {
			isa = PBXGroup;
			children = (
				A82059E3225480CF00DCAD14 /* FSMParserDelegate.swift */,
				A82059E4225480CF00DCAD14 /* FSMParser.swift */,
			);
			path = FSMParser;
			sourceTree = "<group>";
		};
		A82059EB225480DA00DCAD14 /* org */ = {
			isa = PBXGroup;
			children = (
				A82059EC225480DA00DCAD14 /* puremvc */,
			);
			path = org;
			sourceTree = "<group>";
		};
		A82059EC225480DA00DCAD14 /* puremvc */ = {
			isa = PBXGroup;
			children = (
				A82059ED225480DA00DCAD14 /* swift */,
			);
			path = puremvc;
			sourceTree = "<group>";
		};
		A82059ED225480DA00DCAD14 /* swift */ = {
			isa = PBXGroup;
			children = (
				A82059EE225480DA00DCAD14 /* multicore */,
			);
			path = swift;
			sourceTree = "<group>";
		};
		A82059EE225480DA00DCAD14 /* multicore */ = {
			isa = PBXGroup;
			children = (
				A82059EF225480DA00DCAD14 /* utilities */,
			);
			path = multicore;
			sourceTree = "<group>";
		};
		A82059EF225480DA00DCAD14 /* utilities */ = {
			isa = PBXGroup;
			children = (
				A82059F0225480DA00DCAD14 /* statemachine */,
			);
			path = utilities;
			sourceTree = "<group>";
		};
		A82059F0225480DA00DCAD14 /* statemachine */ = {
			isa = PBXGroup;
			children = (
				A82059F1225480DA00DCAD14 /* StateMachineTest.swift */,
				A82059F2225480DA00DCAD14 /* StateTest.swift */,
				A82059F3225480DA00DCAD14 /* FSMInjectorTest.swift */,
				A82059F4225480DA00DCAD14 /* FSMParser */,
			);
			path = statemachine;
			sourceTree = "<group>";
		};
		A82059F4225480DA00DCAD14 /* FSMParser */ = {
			isa = PBXGroup;
			children = (
				A82059F5225480DA00DCAD14 /* FSMParserTest.swift */,
			);
			path = FSMParser;
			sourceTree = "<group>";
		};
		A8205AC8225482B900DCAD14 /* Frameworks */ = {
			isa = PBXGroup;
			children = (
				A8205AC9225482B900DCAD14 /* PureMVC.framework */,
			);
			path = Frameworks;
			sourceTree = "<group>";
		};
/* End PBXGroup section */

/* Begin PBXHeadersBuildPhase section */
		A82059B92254809300DCAD14 /* Headers */ = {
			isa = PBXHeadersBuildPhase;
			buildActionMask = 2147483647;
			files = (
				A82059CF2254809300DCAD14 /* StateMachine.h in Headers */,
			);
			runOnlyForDeploymentPostprocessing = 0;
		};
/* End PBXHeadersBuildPhase section */

/* Begin PBXNativeTarget section */
		A82059BD2254809300DCAD14 /* StateMachine */ = {
			isa = PBXNativeTarget;
			buildConfigurationList = A82059D22254809300DCAD14 /* Build configuration list for PBXNativeTarget "StateMachine" */;
			buildPhases = (
				A82059B92254809300DCAD14 /* Headers */,
				A82059BA2254809300DCAD14 /* Sources */,
				A82059BB2254809300DCAD14 /* Frameworks */,
				A82059BC2254809300DCAD14 /* Resources */,
			);
			buildRules = (
			);
			dependencies = (
			);
			name = StateMachine;
			productName = StateMachine;
			productReference = A82059BE2254809300DCAD14 /* StateMachine.framework */;
			productType = "com.apple.product-type.framework";
		};
		A82059C62254809300DCAD14 /* StateMachineTests */ = {
			isa = PBXNativeTarget;
			buildConfigurationList = A82059D52254809300DCAD14 /* Build configuration list for PBXNativeTarget "StateMachineTests" */;
			buildPhases = (
				A82059C32254809300DCAD14 /* Sources */,
				A82059C42254809300DCAD14 /* Frameworks */,
				A82059C52254809300DCAD14 /* Resources */,
			);
			buildRules = (
			);
			dependencies = (
				A82059CA2254809300DCAD14 /* PBXTargetDependency */,
			);
			name = StateMachineTests;
			productName = StateMachineTests;
			productReference = A82059C72254809300DCAD14 /* StateMachineTests.xctest */;
			productType = "com.apple.product-type.bundle.unit-test";
		};
/* End PBXNativeTarget section */

/* Begin PBXProject section */
		A82059B52254809300DCAD14 /* Project object */ = {
			isa = PBXProject;
			attributes = {
				LastSwiftUpdateCheck = 1020;
				LastUpgradeCheck = 1020;
				ORGANIZATIONNAME = PureMVC;
				TargetAttributes = {
					A82059BD2254809300DCAD14 = {
						CreatedOnToolsVersion = 10.2;
					};
					A82059C62254809300DCAD14 = {
						CreatedOnToolsVersion = 10.2;
					};
				};
			};
			buildConfigurationList = A82059B82254809300DCAD14 /* Build configuration list for PBXProject "StateMachine" */;
			compatibilityVersion = "Xcode 9.3";
			developmentRegion = en;
			hasScannedForEncodings = 0;
			knownRegions = (
				en,
			);
			mainGroup = A82059B42254809300DCAD14;
			productRefGroup = A82059BF2254809300DCAD14 /* Products */;
			projectDirPath = "";
			projectRoot = "";
			targets = (
				A82059BD2254809300DCAD14 /* StateMachine */,
				A82059C62254809300DCAD14 /* StateMachineTests */,
			);
		};
/* End PBXProject section */

/* Begin PBXResourcesBuildPhase section */
		A82059BC2254809300DCAD14 /* Resources */ = {
			isa = PBXResourcesBuildPhase;
			buildActionMask = 2147483647;
			files = (
			);
			runOnlyForDeploymentPostprocessing = 0;
		};
		A82059C52254809300DCAD14 /* Resources */ = {
			isa = PBXResourcesBuildPhase;
			buildActionMask = 2147483647;
			files = (
			);
			runOnlyForDeploymentPostprocessing = 0;
		};
/* End PBXResourcesBuildPhase section */

/* Begin PBXSourcesBuildPhase section */
		A82059BA2254809300DCAD14 /* Sources */ = {
			isa = PBXSourcesBuildPhase;
			buildActionMask = 2147483647;
			files = (
				A82059E8225480CF00DCAD14 /* FSMParserDelegate.swift in Sources */,
				A82059E9225480CF00DCAD14 /* FSMParser.swift in Sources */,
				A82059E6225480CF00DCAD14 /* StateMachine.swift in Sources */,
				A82059EA225480CF00DCAD14 /* FSMInjector.swift in Sources */,
				A82059E7225480CF00DCAD14 /* State.swift in Sources */,
			);
			runOnlyForDeploymentPostprocessing = 0;
		};
		A82059C32254809300DCAD14 /* Sources */ = {
			isa = PBXSourcesBuildPhase;
			buildActionMask = 2147483647;
			files = (
				A82059F9225480DA00DCAD14 /* FSMParserTest.swift in Sources */,
				A82059F8225480DA00DCAD14 /* FSMInjectorTest.swift in Sources */,
				A82059F7225480DA00DCAD14 /* StateTest.swift in Sources */,
				A82059CD2254809300DCAD14 /* StateMachineTests.swift in Sources */,
				A82059F6225480DA00DCAD14 /* StateMachineTest.swift in Sources */,
			);
			runOnlyForDeploymentPostprocessing = 0;
		};
/* End PBXSourcesBuildPhase section */

/* Begin PBXTargetDependency section */
		A82059CA2254809300DCAD14 /* PBXTargetDependency */ = {
			isa = PBXTargetDependency;
			target = A82059BD2254809300DCAD14 /* StateMachine */;
			targetProxy = A82059C92254809300DCAD14 /* PBXContainerItemProxy */;
		};
/* End PBXTargetDependency section */

/* Begin XCBuildConfiguration section */
		A82059D02254809300DCAD14 /* Debug */ = {
			isa = XCBuildConfiguration;
			buildSettings = {
				ALWAYS_SEARCH_USER_PATHS = NO;
				CLANG_ANALYZER_NONNULL = YES;
				CLANG_ANALYZER_NUMBER_OBJECT_CONVERSION = YES_AGGRESSIVE;
				CLANG_CXX_LANGUAGE_STANDARD = "gnu++14";
				CLANG_CXX_LIBRARY = "libc++";
				CLANG_ENABLE_MODULES = YES;
				CLANG_ENABLE_OBJC_ARC = YES;
				CLANG_ENABLE_OBJC_WEAK = YES;
				CLANG_WARN_BLOCK_CAPTURE_AUTORELEASING = YES;
				CLANG_WARN_BOOL_CONVERSION = YES;
				CLANG_WARN_COMMA = YES;
				CLANG_WARN_CONSTANT_CONVERSION = YES;
				CLANG_WARN_DEPRECATED_OBJC_IMPLEMENTATIONS = YES;
				CLANG_WARN_DIRECT_OBJC_ISA_USAGE = YES_ERROR;
				CLANG_WARN_DOCUMENTATION_COMMENTS = YES;
				CLANG_WARN_EMPTY_BODY = YES;
				CLANG_WARN_ENUM_CONVERSION = YES;
				CLANG_WARN_INFINITE_RECURSION = YES;
				CLANG_WARN_INT_CONVERSION = YES;
				CLANG_WARN_NON_LITERAL_NULL_CONVERSION = YES;
				CLANG_WARN_OBJC_IMPLICIT_RETAIN_SELF = YES;
				CLANG_WARN_OBJC_LITERAL_CONVERSION = YES;
				CLANG_WARN_OBJC_ROOT_CLASS = YES_ERROR;
				CLANG_WARN_RANGE_LOOP_ANALYSIS = YES;
				CLANG_WARN_STRICT_PROTOTYPES = YES;
				CLANG_WARN_SUSPICIOUS_MOVE = YES;
				CLANG_WARN_UNGUARDED_AVAILABILITY = YES_AGGRESSIVE;
				CLANG_WARN_UNREACHABLE_CODE = YES;
				CLANG_WARN__DUPLICATE_METHOD_MATCH = YES;
				CODE_SIGN_IDENTITY = "iPhone Developer";
				COPY_PHASE_STRIP = NO;
				CURRENT_PROJECT_VERSION = 1;
				DEBUG_INFORMATION_FORMAT = dwarf;
				ENABLE_STRICT_OBJC_MSGSEND = YES;
				ENABLE_TESTABILITY = YES;
				GCC_C_LANGUAGE_STANDARD = gnu11;
				GCC_DYNAMIC_NO_PIC = NO;
				GCC_NO_COMMON_BLOCKS = YES;
				GCC_OPTIMIZATION_LEVEL = 0;
				GCC_PREPROCESSOR_DEFINITIONS = (
					"DEBUG=1",
					"$(inherited)",
				);
				GCC_WARN_64_TO_32_BIT_CONVERSION = YES;
				GCC_WARN_ABOUT_RETURN_TYPE = YES_ERROR;
				GCC_WARN_UNDECLARED_SELECTOR = YES;
				GCC_WARN_UNINITIALIZED_AUTOS = YES_AGGRESSIVE;
				GCC_WARN_UNUSED_FUNCTION = YES;
				GCC_WARN_UNUSED_VARIABLE = YES;
				IPHONEOS_DEPLOYMENT_TARGET = 12.2;
				MTL_ENABLE_DEBUG_INFO = INCLUDE_SOURCE;
				MTL_FAST_MATH = YES;
				ONLY_ACTIVE_ARCH = YES;
				SDKROOT = iphoneos;
				SWIFT_ACTIVE_COMPILATION_CONDITIONS = DEBUG;
				SWIFT_OPTIMIZATION_LEVEL = "-Onone";
				VERSIONING_SYSTEM = "apple-generic";
				VERSION_INFO_PREFIX = "";
			};
			name = Debug;
		};
		A82059D12254809300DCAD14 /* Release */ = {
			isa = XCBuildConfiguration;
			buildSettings = {
				ALWAYS_SEARCH_USER_PATHS = NO;
				CLANG_ANALYZER_NONNULL = YES;
				CLANG_ANALYZER_NUMBER_OBJECT_CONVERSION = YES_AGGRESSIVE;
				CLANG_CXX_LANGUAGE_STANDARD = "gnu++14";
				CLANG_CXX_LIBRARY = "libc++";
				CLANG_ENABLE_MODULES = YES;
				CLANG_ENABLE_OBJC_ARC = YES;
				CLANG_ENABLE_OBJC_WEAK = YES;
				CLANG_WARN_BLOCK_CAPTURE_AUTORELEASING = YES;
				CLANG_WARN_BOOL_CONVERSION = YES;
				CLANG_WARN_COMMA = YES;
				CLANG_WARN_CONSTANT_CONVERSION = YES;
				CLANG_WARN_DEPRECATED_OBJC_IMPLEMENTATIONS = YES;
				CLANG_WARN_DIRECT_OBJC_ISA_USAGE = YES_ERROR;
				CLANG_WARN_DOCUMENTATION_COMMENTS = YES;
				CLANG_WARN_EMPTY_BODY = YES;
				CLANG_WARN_ENUM_CONVERSION = YES;
				CLANG_WARN_INFINITE_RECURSION = YES;
				CLANG_WARN_INT_CONVERSION = YES;
				CLANG_WARN_NON_LITERAL_NULL_CONVERSION = YES;
				CLANG_WARN_OBJC_IMPLICIT_RETAIN_SELF = YES;
				CLANG_WARN_OBJC_LITERAL_CONVERSION = YES;
				CLANG_WARN_OBJC_ROOT_CLASS = YES_ERROR;
				CLANG_WARN_RANGE_LOOP_ANALYSIS = YES;
				CLANG_WARN_STRICT_PROTOTYPES = YES;
				CLANG_WARN_SUSPICIOUS_MOVE = YES;
				CLANG_WARN_UNGUARDED_AVAILABILITY = YES_AGGRESSIVE;
				CLANG_WARN_UNREACHABLE_CODE = YES;
				CLANG_WARN__DUPLICATE_METHOD_MATCH = YES;
				CODE_SIGN_IDENTITY = "iPhone Developer";
				COPY_PHASE_STRIP = NO;
				CURRENT_PROJECT_VERSION = 1;
				DEBUG_INFORMATION_FORMAT = "dwarf-with-dsym";
				ENABLE_NS_ASSERTIONS = NO;
				ENABLE_STRICT_OBJC_MSGSEND = YES;
				GCC_C_LANGUAGE_STANDARD = gnu11;
				GCC_NO_COMMON_BLOCKS = YES;
				GCC_WARN_64_TO_32_BIT_CONVERSION = YES;
				GCC_WARN_ABOUT_RETURN_TYPE = YES_ERROR;
				GCC_WARN_UNDECLARED_SELECTOR = YES;
				GCC_WARN_UNINITIALIZED_AUTOS = YES_AGGRESSIVE;
				GCC_WARN_UNUSED_FUNCTION = YES;
				GCC_WARN_UNUSED_VARIABLE = YES;
				IPHONEOS_DEPLOYMENT_TARGET = 12.2;
				MTL_ENABLE_DEBUG_INFO = NO;
				MTL_FAST_MATH = YES;
				SDKROOT = iphoneos;
				SWIFT_COMPILATION_MODE = wholemodule;
				SWIFT_OPTIMIZATION_LEVEL = "-O";
				VALIDATE_PRODUCT = YES;
				VERSIONING_SYSTEM = "apple-generic";
				VERSION_INFO_PREFIX = "";
			};
			name = Release;
		};
		A82059D32254809300DCAD14 /* Debug */ = {
			isa = XCBuildConfiguration;
			buildSettings = {
				CODE_SIGN_IDENTITY = "";
				CODE_SIGN_STYLE = Automatic;
				DEFINES_MODULE = YES;
				DYLIB_COMPATIBILITY_VERSION = 1;
				DYLIB_CURRENT_VERSION = 1;
				DYLIB_INSTALL_NAME_BASE = "@rpath";
				FRAMEWORK_SEARCH_PATHS = (
					"$(inherited)",
					"$(PROJECT_DIR)/Frameworks",
				);
				INFOPLIST_FILE = StateMachine/Info.plist;
				INSTALL_PATH = "$(LOCAL_LIBRARY_DIR)/Frameworks";
				LD_RUNPATH_SEARCH_PATHS = (
					"$(inherited)",
					"@executable_path/Frameworks",
					"@loader_path/Frameworks",
				);
				PRODUCT_BUNDLE_IDENTIFIER = org.puremvc.StateMachine;
				PRODUCT_NAME = "$(TARGET_NAME:c99extidentifier)";
				SKIP_INSTALL = YES;
				SWIFT_VERSION = 5.0;
				TARGETED_DEVICE_FAMILY = "1,2";
			};
			name = Debug;
		};
		A82059D42254809300DCAD14 /* Release */ = {
			isa = XCBuildConfiguration;
			buildSettings = {
				CODE_SIGN_IDENTITY = "";
				CODE_SIGN_STYLE = Automatic;
				DEFINES_MODULE = YES;
				DYLIB_COMPATIBILITY_VERSION = 1;
				DYLIB_CURRENT_VERSION = 1;
				DYLIB_INSTALL_NAME_BASE = "@rpath";
				FRAMEWORK_SEARCH_PATHS = (
					"$(inherited)",
					"$(PROJECT_DIR)/Frameworks",
				);
				INFOPLIST_FILE = StateMachine/Info.plist;
				INSTALL_PATH = "$(LOCAL_LIBRARY_DIR)/Frameworks";
				LD_RUNPATH_SEARCH_PATHS = (
					"$(inherited)",
					"@executable_path/Frameworks",
					"@loader_path/Frameworks",
				);
				PRODUCT_BUNDLE_IDENTIFIER = org.puremvc.StateMachine;
				PRODUCT_NAME = "$(TARGET_NAME:c99extidentifier)";
				SKIP_INSTALL = YES;
				SWIFT_VERSION = 5.0;
				TARGETED_DEVICE_FAMILY = "1,2";
			};
			name = Release;
		};
		A82059D62254809300DCAD14 /* Debug */ = {
			isa = XCBuildConfiguration;
			buildSettings = {
				ALWAYS_EMBED_SWIFT_STANDARD_LIBRARIES = YES;
				CODE_SIGN_STYLE = Automatic;
				FRAMEWORK_SEARCH_PATHS = (
					"$(inherited)",
					"$(PROJECT_DIR)/Frameworks",
				);
				INFOPLIST_FILE = StateMachineTests/Info.plist;
				LD_RUNPATH_SEARCH_PATHS = (
					"$(inherited)",
					"@executable_path/Frameworks",
					"@loader_path/Frameworks",
					"$(PROJECT_DIR)/Frameworks",
				);
				PRODUCT_BUNDLE_IDENTIFIER = org.puremvc.StateMachineTests;
				PRODUCT_NAME = "$(TARGET_NAME)";
				SWIFT_VERSION = 5.0;
				TARGETED_DEVICE_FAMILY = "1,2";
			};
			name = Debug;
		};
		A82059D72254809300DCAD14 /* Release */ = {
			isa = XCBuildConfiguration;
			buildSettings = {
				ALWAYS_EMBED_SWIFT_STANDARD_LIBRARIES = YES;
				CODE_SIGN_STYLE = Automatic;
				FRAMEWORK_SEARCH_PATHS = (
					"$(inherited)",
					"$(PROJECT_DIR)/Frameworks",
				);
				INFOPLIST_FILE = StateMachineTests/Info.plist;
				LD_RUNPATH_SEARCH_PATHS = (
					"$(inherited)",
					"@executable_path/Frameworks",
					"@loader_path/Frameworks",
					"$(PROJECT_DIR)/Frameworks",
				);
				PRODUCT_BUNDLE_IDENTIFIER = org.puremvc.StateMachineTests;
				PRODUCT_NAME = "$(TARGET_NAME)";
				SWIFT_VERSION = 5.0;
				TARGETED_DEVICE_FAMILY = "1,2";
			};
			name = Release;
		};
/* End XCBuildConfiguration section */

/* Begin XCConfigurationList section */
		A82059B82254809300DCAD14 /* Build configuration list for PBXProject "StateMachine" */ = {
			isa = XCConfigurationList;
			buildConfigurations = (
				A82059D02254809300DCAD14 /* Debug */,
				A82059D12254809300DCAD14 /* Release */,
			);
			defaultConfigurationIsVisible = 0;
			defaultConfigurationName = Release;
		};
		A82059D22254809300DCAD14 /* Build configuration list for PBXNativeTarget "StateMachine" */ = {
			isa = XCConfigurationList;
			buildConfigurations = (
				A82059D32254809300DCAD14 /* Debug */,
				A82059D42254809300DCAD14 /* Release */,
			);
			defaultConfigurationIsVisible = 0;
			defaultConfigurationName = Release;
		};
		A82059D52254809300DCAD14 /* Build configuration list for PBXNativeTarget "StateMachineTests" */ = {
			isa = XCConfigurationList;
			buildConfigurations = (
				A82059D62254809300DCAD14 /* Debug */,
				A82059D72254809300DCAD14 /* Release */,
			);
			defaultConfigurationIsVisible = 0;
			defaultConfigurationName = Release;
		};
/* End XCConfigurationList section */
	};
	rootObject = A82059B52254809300DCAD14 /* Project object */;
}
